// !$*UTF8*$!
{
	archiveVersion = 1;
	classes = {
	};
	objectVersion = 56;
	objects = {

/* Begin PBXBuildFile section */
		C99EEB612AAA5D33001E4968 /* AppDelegate.swift in Sources */ = {isa = PBXBuildFile; fileRef = C99EEB602AAA5D33001E4968 /* AppDelegate.swift */; };
		C99EEB632AAA5D33001E4968 /* SceneDelegate.swift in Sources */ = {isa = PBXBuildFile; fileRef = C99EEB622AAA5D33001E4968 /* SceneDelegate.swift */; };
		C99EEB6D2AAA5D34001E4968 /* Assets.xcassets in Resources */ = {isa = PBXBuildFile; fileRef = C99EEB6C2AAA5D34001E4968 /* Assets.xcassets */; };
		C99EEB702AAA5D34001E4968 /* LaunchScreen.storyboard in Resources */ = {isa = PBXBuildFile; fileRef = C99EEB6E2AAA5D34001E4968 /* LaunchScreen.storyboard */; };
		C99EEB7D2AAA5E20001E4968 /* ImageDownloadEntity.swift in Sources */ = {isa = PBXBuildFile; fileRef = C99EEB7C2AAA5E20001E4968 /* ImageDownloadEntity.swift */; };
		C99EEB842AAA68CC001E4968 /* MainImageViewController.swift in Sources */ = {isa = PBXBuildFile; fileRef = C99EEB832AAA68CC001E4968 /* MainImageViewController.swift */; };
		C99EEB862AAA6907001E4968 /* MainImageViewController.xib in Resources */ = {isa = PBXBuildFile; fileRef = C99EEB852AAA6907001E4968 /* MainImageViewController.xib */; };
		C99EEB882AAA6AEA001E4968 /* ImageCell.swift in Sources */ = {isa = PBXBuildFile; fileRef = C99EEB872AAA6AEA001E4968 /* ImageCell.swift */; };
		C99EEB8A2AAA6B0F001E4968 /* ImageCell.xib in Resources */ = {isa = PBXBuildFile; fileRef = C99EEB892AAA6B0F001E4968 /* ImageCell.xib */; };
		C99EEB8C2AAA6E36001E4968 /* ImageDownload.swift in Sources */ = {isa = PBXBuildFile; fileRef = C99EEB8B2AAA6E36001E4968 /* ImageDownload.swift */; };
		C99EEB902AAA7128001E4968 /* NetworkError.swift in Sources */ = {isa = PBXBuildFile; fileRef = C99EEB8F2AAA7128001E4968 /* NetworkError.swift */; };
		C99EEB922AAA7774001E4968 /* ImageViewModel.swift in Sources */ = {isa = PBXBuildFile; fileRef = C99EEB912AAA7774001E4968 /* ImageViewModel.swift */; };
		C99EEB942AAA78B2001E4968 /* ImageCellViewModel.swift in Sources */ = {isa = PBXBuildFile; fileRef = C99EEB932AAA78B2001E4968 /* ImageCellViewModel.swift */; };
		C99EEB962AAA7ADD001E4968 /* BaseCollectionViewCell.swift in Sources */ = {isa = PBXBuildFile; fileRef = C99EEB952AAA7ADD001E4968 /* BaseCollectionViewCell.swift */; };
		C99EEB982AAA7D88001E4968 /* UIViewController + extensions.swift in Sources */ = {isa = PBXBuildFile; fileRef = C99EEB972AAA7D88001E4968 /* UIViewController + extensions.swift */; };
		C99EEB9B2AAA84AE001E4968 /* SDWebImage in Frameworks */ = {isa = PBXBuildFile; productRef = C99EEB9A2AAA84AE001E4968 /* SDWebImage */; };
		C9C2EC682AABB4CD00B5C188 /* Realm in Frameworks */ = {isa = PBXBuildFile; productRef = C9C2EC672AABB4CD00B5C188 /* Realm */; };
		C9C2EC6A2AABB4CD00B5C188 /* RealmSwift in Frameworks */ = {isa = PBXBuildFile; productRef = C9C2EC692AABB4CD00B5C188 /* RealmSwift */; };
		C9C2EC6D2AABB66400B5C188 /* ImageDownloadEntityRealm.swift in Sources */ = {isa = PBXBuildFile; fileRef = C9C2EC6C2AABB66400B5C188 /* ImageDownloadEntityRealm.swift */; };
		C9C2EC6F2AABC90D00B5C188 /* StorageManager.swift in Sources */ = {isa = PBXBuildFile; fileRef = C9C2EC6E2AABC90D00B5C188 /* StorageManager.swift */; };
		C9C2EC712AABCD6A00B5C188 /* ImageDetailViewController.swift in Sources */ = {isa = PBXBuildFile; fileRef = C9C2EC702AABCD6A00B5C188 /* ImageDetailViewController.swift */; };
		C9C2EC732AABCD8C00B5C188 /* ImageDetailViewController.xib in Resources */ = {isa = PBXBuildFile; fileRef = C9C2EC722AABCD8C00B5C188 /* ImageDetailViewController.xib */; };
		C9C85BD72AAC752B00CA6295 /* ImageDetailViewModel.swift in Sources */ = {isa = PBXBuildFile; fileRef = C9C85BD62AAC752B00CA6295 /* ImageDetailViewModel.swift */; };
		C9C85BDA2AAC847A00CA6295 /* FavoriteImageViewController.swift in Sources */ = {isa = PBXBuildFile; fileRef = C9C85BD92AAC847A00CA6295 /* FavoriteImageViewController.swift */; };
		C9C85BDC2AAC84D600CA6295 /* FavoriteImageViewController.xib in Resources */ = {isa = PBXBuildFile; fileRef = C9C85BDB2AAC84D600CA6295 /* FavoriteImageViewController.xib */; };
		C9C85BDF2AAC889600CA6295 /* FavoriteImageCell.swift in Sources */ = {isa = PBXBuildFile; fileRef = C9C85BDE2AAC889600CA6295 /* FavoriteImageCell.swift */; };
		C9C85BE32AAC88C400CA6295 /* FavoriteImageCell.xib in Resources */ = {isa = PBXBuildFile; fileRef = C9C85BE22AAC88C400CA6295 /* FavoriteImageCell.xib */; };
		C9C85BE52AAC960500CA6295 /* FavoriteImageViewModel.swift in Sources */ = {isa = PBXBuildFile; fileRef = C9C85BE42AAC960500CA6295 /* FavoriteImageViewModel.swift */; };
		C9C85BE72AAC98EA00CA6295 /* RealmImageRepository.swift in Sources */ = {isa = PBXBuildFile; fileRef = C9C85BE62AAC98EA00CA6295 /* RealmImageRepository.swift */; };
		C9C85BE92AAC9E4F00CA6295 /* FavoriteImageCellViewModel.swift in Sources */ = {isa = PBXBuildFile; fileRef = C9C85BE82AAC9E4F00CA6295 /* FavoriteImageCellViewModel.swift */; };
/* End PBXBuildFile section */

/* Begin PBXFileReference section */
		C99EEB5D2AAA5D33001E4968 /* ImageDownloadTest.app */ = {isa = PBXFileReference; explicitFileType = wrapper.application; includeInIndex = 0; path = ImageDownloadTest.app; sourceTree = BUILT_PRODUCTS_DIR; };
		C99EEB602AAA5D33001E4968 /* AppDelegate.swift */ = {isa = PBXFileReference; lastKnownFileType = sourcecode.swift; path = AppDelegate.swift; sourceTree = "<group>"; };
		C99EEB622AAA5D33001E4968 /* SceneDelegate.swift */ = {isa = PBXFileReference; lastKnownFileType = sourcecode.swift; path = SceneDelegate.swift; sourceTree = "<group>"; };
		C99EEB6C2AAA5D34001E4968 /* Assets.xcassets */ = {isa = PBXFileReference; lastKnownFileType = folder.assetcatalog; path = Assets.xcassets; sourceTree = "<group>"; };
		C99EEB6F2AAA5D34001E4968 /* Base */ = {isa = PBXFileReference; lastKnownFileType = file.storyboard; name = Base; path = Base.lproj/LaunchScreen.storyboard; sourceTree = "<group>"; };
		C99EEB712AAA5D34001E4968 /* Info.plist */ = {isa = PBXFileReference; lastKnownFileType = text.plist.xml; path = Info.plist; sourceTree = "<group>"; };
		C99EEB7C2AAA5E20001E4968 /* ImageDownloadEntity.swift */ = {isa = PBXFileReference; lastKnownFileType = sourcecode.swift; path = ImageDownloadEntity.swift; sourceTree = "<group>"; };
		C99EEB832AAA68CC001E4968 /* MainImageViewController.swift */ = {isa = PBXFileReference; lastKnownFileType = sourcecode.swift; path = MainImageViewController.swift; sourceTree = "<group>"; };
		C99EEB852AAA6907001E4968 /* MainImageViewController.xib */ = {isa = PBXFileReference; lastKnownFileType = file.xib; path = MainImageViewController.xib; sourceTree = "<group>"; };
		C99EEB872AAA6AEA001E4968 /* ImageCell.swift */ = {isa = PBXFileReference; lastKnownFileType = sourcecode.swift; path = ImageCell.swift; sourceTree = "<group>"; };
		C99EEB892AAA6B0F001E4968 /* ImageCell.xib */ = {isa = PBXFileReference; lastKnownFileType = file.xib; path = ImageCell.xib; sourceTree = "<group>"; };
		C99EEB8B2AAA6E36001E4968 /* ImageDownload.swift */ = {isa = PBXFileReference; lastKnownFileType = sourcecode.swift; path = ImageDownload.swift; sourceTree = "<group>"; };
		C99EEB8F2AAA7128001E4968 /* NetworkError.swift */ = {isa = PBXFileReference; lastKnownFileType = sourcecode.swift; path = NetworkError.swift; sourceTree = "<group>"; };
		C99EEB912AAA7774001E4968 /* ImageViewModel.swift */ = {isa = PBXFileReference; lastKnownFileType = sourcecode.swift; path = ImageViewModel.swift; sourceTree = "<group>"; };
		C99EEB932AAA78B2001E4968 /* ImageCellViewModel.swift */ = {isa = PBXFileReference; lastKnownFileType = sourcecode.swift; path = ImageCellViewModel.swift; sourceTree = "<group>"; };
		C99EEB952AAA7ADD001E4968 /* BaseCollectionViewCell.swift */ = {isa = PBXFileReference; lastKnownFileType = sourcecode.swift; path = BaseCollectionViewCell.swift; sourceTree = "<group>"; };
		C99EEB972AAA7D88001E4968 /* UIViewController + extensions.swift */ = {isa = PBXFileReference; lastKnownFileType = sourcecode.swift; path = "UIViewController + extensions.swift"; sourceTree = "<group>"; };
		C9C2EC6C2AABB66400B5C188 /* ImageDownloadEntityRealm.swift */ = {isa = PBXFileReference; lastKnownFileType = sourcecode.swift; path = ImageDownloadEntityRealm.swift; sourceTree = "<group>"; };
		C9C2EC6E2AABC90D00B5C188 /* StorageManager.swift */ = {isa = PBXFileReference; lastKnownFileType = sourcecode.swift; path = StorageManager.swift; sourceTree = "<group>"; };
		C9C2EC702AABCD6A00B5C188 /* ImageDetailViewController.swift */ = {isa = PBXFileReference; lastKnownFileType = sourcecode.swift; path = ImageDetailViewController.swift; sourceTree = "<group>"; };
		C9C2EC722AABCD8C00B5C188 /* ImageDetailViewController.xib */ = {isa = PBXFileReference; lastKnownFileType = file.xib; path = ImageDetailViewController.xib; sourceTree = "<group>"; };
		C9C85BD62AAC752B00CA6295 /* ImageDetailViewModel.swift */ = {isa = PBXFileReference; lastKnownFileType = sourcecode.swift; path = ImageDetailViewModel.swift; sourceTree = "<group>"; };
		C9C85BD92AAC847A00CA6295 /* FavoriteImageViewController.swift */ = {isa = PBXFileReference; lastKnownFileType = sourcecode.swift; path = FavoriteImageViewController.swift; sourceTree = "<group>"; };
		C9C85BDB2AAC84D600CA6295 /* FavoriteImageViewController.xib */ = {isa = PBXFileReference; lastKnownFileType = file.xib; path = FavoriteImageViewController.xib; sourceTree = "<group>"; };
		C9C85BDE2AAC889600CA6295 /* FavoriteImageCell.swift */ = {isa = PBXFileReference; lastKnownFileType = sourcecode.swift; path = FavoriteImageCell.swift; sourceTree = "<group>"; };
		C9C85BE22AAC88C400CA6295 /* FavoriteImageCell.xib */ = {isa = PBXFileReference; lastKnownFileType = file.xib; path = FavoriteImageCell.xib; sourceTree = "<group>"; };
		C9C85BE42AAC960500CA6295 /* FavoriteImageViewModel.swift */ = {isa = PBXFileReference; lastKnownFileType = sourcecode.swift; path = FavoriteImageViewModel.swift; sourceTree = "<group>"; };
		C9C85BE62AAC98EA00CA6295 /* RealmImageRepository.swift */ = {isa = PBXFileReference; lastKnownFileType = sourcecode.swift; path = RealmImageRepository.swift; sourceTree = "<group>"; };
		C9C85BE82AAC9E4F00CA6295 /* FavoriteImageCellViewModel.swift */ = {isa = PBXFileReference; lastKnownFileType = sourcecode.swift; path = FavoriteImageCellViewModel.swift; sourceTree = "<group>"; };
/* End PBXFileReference section */

/* Begin PBXFrameworksBuildPhase section */
		C99EEB5A2AAA5D33001E4968 /* Frameworks */ = {
			isa = PBXFrameworksBuildPhase;
			buildActionMask = 2147483647;
			files = (
				C9C2EC6A2AABB4CD00B5C188 /* RealmSwift in Frameworks */,
				C9C2EC682AABB4CD00B5C188 /* Realm in Frameworks */,
				C99EEB9B2AAA84AE001E4968 /* SDWebImage in Frameworks */,
			);
			runOnlyForDeploymentPostprocessing = 0;
		};
/* End PBXFrameworksBuildPhase section */

/* Begin PBXGroup section */
		C99EEB542AAA5D33001E4968 = {
			isa = PBXGroup;
			children = (
				C99EEB5F2AAA5D33001E4968 /* ImageDownloadTest */,
				C99EEB5E2AAA5D33001E4968 /* Products */,
			);
			sourceTree = "<group>";
		};
		C99EEB5E2AAA5D33001E4968 /* Products */ = {
			isa = PBXGroup;
			children = (
				C99EEB5D2AAA5D33001E4968 /* ImageDownloadTest.app */,
			);
			name = Products;
			sourceTree = "<group>";
		};
		C99EEB5F2AAA5D33001E4968 /* ImageDownloadTest */ = {
			isa = PBXGroup;
			children = (
				C9C2EC6B2AABB64B00B5C188 /* DataManager */,
				C99EEB772AAA5DD2001E4968 /* NetworkService */,
				C99EEB782AAA5DDF001E4968 /* Model */,
				C99EEB792AAA5DE6001E4968 /* View */,
				C99EEB7A2AAA5DED001E4968 /* ViewModel */,
				C99EEB7B2AAA5DF6001E4968 /* Extensions */,
				C99EEB602AAA5D33001E4968 /* AppDelegate.swift */,
				C99EEB622AAA5D33001E4968 /* SceneDelegate.swift */,
				C99EEB6C2AAA5D34001E4968 /* Assets.xcassets */,
				C99EEB6E2AAA5D34001E4968 /* LaunchScreen.storyboard */,
				C99EEB712AAA5D34001E4968 /* Info.plist */,
			);
			path = ImageDownloadTest;
			sourceTree = "<group>";
		};
		C99EEB772AAA5DD2001E4968 /* NetworkService */ = {
			isa = PBXGroup;
			children = (
				C99EEB8B2AAA6E36001E4968 /* ImageDownload.swift */,
				C99EEB8F2AAA7128001E4968 /* NetworkError.swift */,
			);
			path = NetworkService;
			sourceTree = "<group>";
		};
		C99EEB782AAA5DDF001E4968 /* Model */ = {
			isa = PBXGroup;
			children = (
				C99EEB7C2AAA5E20001E4968 /* ImageDownloadEntity.swift */,
			);
			path = Model;
			sourceTree = "<group>";
		};
		C99EEB792AAA5DE6001E4968 /* View */ = {
			isa = PBXGroup;
			children = (
				C9C85BDD2AAC887600CA6295 /* FavoriteImageCell */,
				C99EEB812AAA6825001E4968 /* ImageCollectionViewCell */,
				C99EEB7E2AAA67BC001E4968 /* MainImageViewController */,
				C99EEB7F2AAA6803001E4968 /* DetailImageViewController */,
				C99EEB802AAA6811001E4968 /* FavoriteImageViewController */,
			);
			path = View;
			sourceTree = "<group>";
		};
		C99EEB7A2AAA5DED001E4968 /* ViewModel */ = {
			isa = PBXGroup;
			children = (
				C99EEB912AAA7774001E4968 /* ImageViewModel.swift */,
				C99EEB932AAA78B2001E4968 /* ImageCellViewModel.swift */,
				C9C85BD62AAC752B00CA6295 /* ImageDetailViewModel.swift */,
				C9C85BE42AAC960500CA6295 /* FavoriteImageViewModel.swift */,
				C9C85BE82AAC9E4F00CA6295 /* FavoriteImageCellViewModel.swift */,
			);
			path = ViewModel;
			sourceTree = "<group>";
		};
		C99EEB7B2AAA5DF6001E4968 /* Extensions */ = {
			isa = PBXGroup;
			children = (
				C99EEB972AAA7D88001E4968 /* UIViewController + extensions.swift */,
			);
			path = Extensions;
			sourceTree = "<group>";
		};
		C99EEB7E2AAA67BC001E4968 /* MainImageViewController */ = {
			isa = PBXGroup;
			children = (
				C99EEB832AAA68CC001E4968 /* MainImageViewController.swift */,
				C99EEB852AAA6907001E4968 /* MainImageViewController.xib */,
			);
			path = MainImageViewController;
			sourceTree = "<group>";
		};
		C99EEB7F2AAA6803001E4968 /* DetailImageViewController */ = {
			isa = PBXGroup;
			children = (
				C9C2EC702AABCD6A00B5C188 /* ImageDetailViewController.swift */,
				C9C2EC722AABCD8C00B5C188 /* ImageDetailViewController.xib */,
			);
			path = DetailImageViewController;
			sourceTree = "<group>";
		};
		C99EEB802AAA6811001E4968 /* FavoriteImageViewController */ = {
			isa = PBXGroup;
			children = (
				C9C85BD92AAC847A00CA6295 /* FavoriteImageViewController.swift */,
				C9C85BDB2AAC84D600CA6295 /* FavoriteImageViewController.xib */,
			);
			path = FavoriteImageViewController;
			sourceTree = "<group>";
		};
		C99EEB812AAA6825001E4968 /* ImageCollectionViewCell */ = {
			isa = PBXGroup;
			children = (
				C99EEB872AAA6AEA001E4968 /* ImageCell.swift */,
				C99EEB892AAA6B0F001E4968 /* ImageCell.xib */,
				C99EEB952AAA7ADD001E4968 /* BaseCollectionViewCell.swift */,
			);
			path = ImageCollectionViewCell;
			sourceTree = "<group>";
		};
		C9C2EC6B2AABB64B00B5C188 /* DataManager */ = {
			isa = PBXGroup;
			children = (
				C9C2EC6C2AABB66400B5C188 /* ImageDownloadEntityRealm.swift */,
				C9C2EC6E2AABC90D00B5C188 /* StorageManager.swift */,
				C9C85BE62AAC98EA00CA6295 /* RealmImageRepository.swift */,
			);
			path = DataManager;
			sourceTree = "<group>";
		};
		C9C85BDD2AAC887600CA6295 /* FavoriteImageCell */ = {
			isa = PBXGroup;
			children = (
				C9C85BDE2AAC889600CA6295 /* FavoriteImageCell.swift */,
				C9C85BE22AAC88C400CA6295 /* FavoriteImageCell.xib */,
			);
			path = FavoriteImageCell;
			sourceTree = "<group>";
		};
/* End PBXGroup section */

/* Begin PBXNativeTarget section */
		C99EEB5C2AAA5D33001E4968 /* ImageDownloadTest */ = {
			isa = PBXNativeTarget;
			buildConfigurationList = C99EEB742AAA5D34001E4968 /* Build configuration list for PBXNativeTarget "ImageDownloadTest" */;
			buildPhases = (
				C99EEB592AAA5D33001E4968 /* Sources */,
				C99EEB5A2AAA5D33001E4968 /* Frameworks */,
				C99EEB5B2AAA5D33001E4968 /* Resources */,
			);
			buildRules = (
			);
			dependencies = (
			);
			name = ImageDownloadTest;
			packageProductDependencies = (
				C99EEB9A2AAA84AE001E4968 /* SDWebImage */,
				C9C2EC672AABB4CD00B5C188 /* Realm */,
				C9C2EC692AABB4CD00B5C188 /* RealmSwift */,
			);
			productName = ImageDownloadTest;
			productReference = C99EEB5D2AAA5D33001E4968 /* ImageDownloadTest.app */;
			productType = "com.apple.product-type.application";
		};
/* End PBXNativeTarget section */

/* Begin PBXProject section */
		C99EEB552AAA5D33001E4968 /* Project object */ = {
			isa = PBXProject;
			attributes = {
				BuildIndependentTargetsInParallel = 1;
				LastSwiftUpdateCheck = 1430;
				LastUpgradeCheck = 1430;
				TargetAttributes = {
					C99EEB5C2AAA5D33001E4968 = {
						CreatedOnToolsVersion = 14.3.1;
					};
				};
			};
			buildConfigurationList = C99EEB582AAA5D33001E4968 /* Build configuration list for PBXProject "ImageDownloadTest" */;
			compatibilityVersion = "Xcode 14.0";
			developmentRegion = en;
			hasScannedForEncodings = 0;
			knownRegions = (
				en,
				Base,
			);
			mainGroup = C99EEB542AAA5D33001E4968;
			packageReferences = (
				C99EEB992AAA84AE001E4968 /* XCRemoteSwiftPackageReference "SDWebImage" */,
				C9C2EC662AABB4CD00B5C188 /* XCRemoteSwiftPackageReference "realm-swift" */,
			);
			productRefGroup = C99EEB5E2AAA5D33001E4968 /* Products */;
			projectDirPath = "";
			projectRoot = "";
			targets = (
				C99EEB5C2AAA5D33001E4968 /* ImageDownloadTest */,
			);
		};
/* End PBXProject section */

/* Begin PBXResourcesBuildPhase section */
		C99EEB5B2AAA5D33001E4968 /* Resources */ = {
			isa = PBXResourcesBuildPhase;
			buildActionMask = 2147483647;
			files = (
				C9C85BDC2AAC84D600CA6295 /* FavoriteImageViewController.xib in Resources */,
				C9C2EC732AABCD8C00B5C188 /* ImageDetailViewController.xib in Resources */,
				C99EEB702AAA5D34001E4968 /* LaunchScreen.storyboard in Resources */,
				C99EEB8A2AAA6B0F001E4968 /* ImageCell.xib in Resources */,
				C9C85BE32AAC88C400CA6295 /* FavoriteImageCell.xib in Resources */,
				C99EEB6D2AAA5D34001E4968 /* Assets.xcassets in Resources */,
				C99EEB862AAA6907001E4968 /* MainImageViewController.xib in Resources */,
			);
			runOnlyForDeploymentPostprocessing = 0;
		};
/* End PBXResourcesBuildPhase section */

/* Begin PBXSourcesBuildPhase section */
		C99EEB592AAA5D33001E4968 /* Sources */ = {
			isa = PBXSourcesBuildPhase;
			buildActionMask = 2147483647;
			files = (
				C9C85BD72AAC752B00CA6295 /* ImageDetailViewModel.swift in Sources */,
				C99EEB922AAA7774001E4968 /* ImageViewModel.swift in Sources */,
				C99EEB8C2AAA6E36001E4968 /* ImageDownload.swift in Sources */,
				C9C85BDF2AAC889600CA6295 /* FavoriteImageCell.swift in Sources */,
				C9C85BE92AAC9E4F00CA6295 /* FavoriteImageCellViewModel.swift in Sources */,
				C9C2EC6D2AABB66400B5C188 /* ImageDownloadEntityRealm.swift in Sources */,
				C99EEB7D2AAA5E20001E4968 /* ImageDownloadEntity.swift in Sources */,
				C99EEB962AAA7ADD001E4968 /* BaseCollectionViewCell.swift in Sources */,
				C99EEB942AAA78B2001E4968 /* ImageCellViewModel.swift in Sources */,
				C99EEB612AAA5D33001E4968 /* AppDelegate.swift in Sources */,
				C99EEB982AAA7D88001E4968 /* UIViewController + extensions.swift in Sources */,
				C9C85BE52AAC960500CA6295 /* FavoriteImageViewModel.swift in Sources */,
				C99EEB632AAA5D33001E4968 /* SceneDelegate.swift in Sources */,
				C9C85BDA2AAC847A00CA6295 /* FavoriteImageViewController.swift in Sources */,
				C9C2EC712AABCD6A00B5C188 /* ImageDetailViewController.swift in Sources */,
				C9C85BE72AAC98EA00CA6295 /* RealmImageRepository.swift in Sources */,
				C99EEB882AAA6AEA001E4968 /* ImageCell.swift in Sources */,
				C99EEB842AAA68CC001E4968 /* MainImageViewController.swift in Sources */,
				C99EEB902AAA7128001E4968 /* NetworkError.swift in Sources */,
				C9C2EC6F2AABC90D00B5C188 /* StorageManager.swift in Sources */,
			);
			runOnlyForDeploymentPostprocessing = 0;
		};
/* End PBXSourcesBuildPhase section */

/* Begin PBXVariantGroup section */
		C99EEB6E2AAA5D34001E4968 /* LaunchScreen.storyboard */ = {
			isa = PBXVariantGroup;
			children = (
				C99EEB6F2AAA5D34001E4968 /* Base */,
			);
			name = LaunchScreen.storyboard;
			sourceTree = "<group>";
		};
/* End PBXVariantGroup section */

/* Begin XCBuildConfiguration section */
		C99EEB722AAA5D34001E4968 /* Debug */ = {
			isa = XCBuildConfiguration;
			buildSettings = {
				ALWAYS_SEARCH_USER_PATHS = NO;
				CLANG_ANALYZER_NONNULL = YES;
				CLANG_ANALYZER_NUMBER_OBJECT_CONVERSION = YES_AGGRESSIVE;
				CLANG_CXX_LANGUAGE_STANDARD = "gnu++20";
				CLANG_ENABLE_MODULES = YES;
				CLANG_ENABLE_OBJC_ARC = YES;
				CLANG_ENABLE_OBJC_WEAK = YES;
				CLANG_WARN_BLOCK_CAPTURE_AUTORELEASING = YES;
				CLANG_WARN_BOOL_CONVERSION = YES;
				CLANG_WARN_COMMA = YES;
				CLANG_WARN_CONSTANT_CONVERSION = YES;
				CLANG_WARN_DEPRECATED_OBJC_IMPLEMENTATIONS = YES;
				CLANG_WARN_DIRECT_OBJC_ISA_USAGE = YES_ERROR;
				CLANG_WARN_DOCUMENTATION_COMMENTS = YES;
				CLANG_WARN_EMPTY_BODY = YES;
				CLANG_WARN_ENUM_CONVERSION = YES;
				CLANG_WARN_INFINITE_RECURSION = YES;
				CLANG_WARN_INT_CONVERSION = YES;
				CLANG_WARN_NON_LITERAL_NULL_CONVERSION = YES;
				CLANG_WARN_OBJC_IMPLICIT_RETAIN_SELF = YES;
				CLANG_WARN_OBJC_LITERAL_CONVERSION = YES;
				CLANG_WARN_OBJC_ROOT_CLASS = YES_ERROR;
				CLANG_WARN_QUOTED_INCLUDE_IN_FRAMEWORK_HEADER = YES;
				CLANG_WARN_RANGE_LOOP_ANALYSIS = YES;
				CLANG_WARN_STRICT_PROTOTYPES = YES;
				CLANG_WARN_SUSPICIOUS_MOVE = YES;
				CLANG_WARN_UNGUARDED_AVAILABILITY = YES_AGGRESSIVE;
				CLANG_WARN_UNREACHABLE_CODE = YES;
				CLANG_WARN__DUPLICATE_METHOD_MATCH = YES;
				COPY_PHASE_STRIP = NO;
				DEBUG_INFORMATION_FORMAT = dwarf;
				ENABLE_STRICT_OBJC_MSGSEND = YES;
				ENABLE_TESTABILITY = YES;
				GCC_C_LANGUAGE_STANDARD = gnu11;
				GCC_DYNAMIC_NO_PIC = NO;
				GCC_NO_COMMON_BLOCKS = YES;
				GCC_OPTIMIZATION_LEVEL = 0;
				GCC_PREPROCESSOR_DEFINITIONS = (
					"DEBUG=1",
					"$(inherited)",
				);
				GCC_WARN_64_TO_32_BIT_CONVERSION = YES;
				GCC_WARN_ABOUT_RETURN_TYPE = YES_ERROR;
				GCC_WARN_UNDECLARED_SELECTOR = YES;
				GCC_WARN_UNINITIALIZED_AUTOS = YES_AGGRESSIVE;
				GCC_WARN_UNUSED_FUNCTION = YES;
				GCC_WARN_UNUSED_VARIABLE = YES;
				IPHONEOS_DEPLOYMENT_TARGET = 16.4;
				MTL_ENABLE_DEBUG_INFO = INCLUDE_SOURCE;
				MTL_FAST_MATH = YES;
				ONLY_ACTIVE_ARCH = YES;
				SDKROOT = iphoneos;
				SWIFT_ACTIVE_COMPILATION_CONDITIONS = DEBUG;
				SWIFT_OPTIMIZATION_LEVEL = "-Onone";
			};
			name = Debug;
		};
		C99EEB732AAA5D34001E4968 /* Release */ = {
			isa = XCBuildConfiguration;
			buildSettings = {
				ALWAYS_SEARCH_USER_PATHS = NO;
				CLANG_ANALYZER_NONNULL = YES;
				CLANG_ANALYZER_NUMBER_OBJECT_CONVERSION = YES_AGGRESSIVE;
				CLANG_CXX_LANGUAGE_STANDARD = "gnu++20";
				CLANG_ENABLE_MODULES = YES;
				CLANG_ENABLE_OBJC_ARC = YES;
				CLANG_ENABLE_OBJC_WEAK = YES;
				CLANG_WARN_BLOCK_CAPTURE_AUTORELEASING = YES;
				CLANG_WARN_BOOL_CONVERSION = YES;
				CLANG_WARN_COMMA = YES;
				CLANG_WARN_CONSTANT_CONVERSION = YES;
				CLANG_WARN_DEPRECATED_OBJC_IMPLEMENTATIONS = YES;
				CLANG_WARN_DIRECT_OBJC_ISA_USAGE = YES_ERROR;
				CLANG_WARN_DOCUMENTATION_COMMENTS = YES;
				CLANG_WARN_EMPTY_BODY = YES;
				CLANG_WARN_ENUM_CONVERSION = YES;
				CLANG_WARN_INFINITE_RECURSION = YES;
				CLANG_WARN_INT_CONVERSION = YES;
				CLANG_WARN_NON_LITERAL_NULL_CONVERSION = YES;
				CLANG_WARN_OBJC_IMPLICIT_RETAIN_SELF = YES;
				CLANG_WARN_OBJC_LITERAL_CONVERSION = YES;
				CLANG_WARN_OBJC_ROOT_CLASS = YES_ERROR;
				CLANG_WARN_QUOTED_INCLUDE_IN_FRAMEWORK_HEADER = YES;
				CLANG_WARN_RANGE_LOOP_ANALYSIS = YES;
				CLANG_WARN_STRICT_PROTOTYPES = YES;
				CLANG_WARN_SUSPICIOUS_MOVE = YES;
				CLANG_WARN_UNGUARDED_AVAILABILITY = YES_AGGRESSIVE;
				CLANG_WARN_UNREACHABLE_CODE = YES;
				CLANG_WARN__DUPLICATE_METHOD_MATCH = YES;
				COPY_PHASE_STRIP = NO;
				DEBUG_INFORMATION_FORMAT = "dwarf-with-dsym";
				ENABLE_NS_ASSERTIONS = NO;
				ENABLE_STRICT_OBJC_MSGSEND = YES;
				GCC_C_LANGUAGE_STANDARD = gnu11;
				GCC_NO_COMMON_BLOCKS = YES;
				GCC_WARN_64_TO_32_BIT_CONVERSION = YES;
				GCC_WARN_ABOUT_RETURN_TYPE = YES_ERROR;
				GCC_WARN_UNDECLARED_SELECTOR = YES;
				GCC_WARN_UNINITIALIZED_AUTOS = YES_AGGRESSIVE;
				GCC_WARN_UNUSED_FUNCTION = YES;
				GCC_WARN_UNUSED_VARIABLE = YES;
				IPHONEOS_DEPLOYMENT_TARGET = 16.4;
				MTL_ENABLE_DEBUG_INFO = NO;
				MTL_FAST_MATH = YES;
				SDKROOT = iphoneos;
				SWIFT_COMPILATION_MODE = wholemodule;
				SWIFT_OPTIMIZATION_LEVEL = "-O";
				VALIDATE_PRODUCT = YES;
			};
			name = Release;
		};
		C99EEB752AAA5D34001E4968 /* Debug */ = {
			isa = XCBuildConfiguration;
			buildSettings = {
				ASSETCATALOG_COMPILER_APPICON_NAME = AppIcon;
				ASSETCATALOG_COMPILER_GLOBAL_ACCENT_COLOR_NAME = AccentColor;
				CODE_SIGN_STYLE = Automatic;
				CURRENT_PROJECT_VERSION = 1;
				DEVELOPMENT_TEAM = 3TY5U73KTT;
				GENERATE_INFOPLIST_FILE = YES;
				INFOPLIST_FILE = ImageDownloadTest/Info.plist;
				INFOPLIST_KEY_UIApplicationSupportsIndirectInputEvents = YES;
				INFOPLIST_KEY_UILaunchStoryboardName = LaunchScreen;
				INFOPLIST_KEY_UISupportedInterfaceOrientations = UIInterfaceOrientationPortrait;
				IPHONEOS_DEPLOYMENT_TARGET = 16.0;
				LD_RUNPATH_SEARCH_PATHS = (
					"$(inherited)",
					"@executable_path/Frameworks",
				);
				MARKETING_VERSION = 1.0;
				PRODUCT_BUNDLE_IDENTIFIER = ru.Vazhen.ImageDownloadTest;
				PRODUCT_NAME = "$(TARGET_NAME)";
				SUPPORTED_PLATFORMS = "iphoneos iphonesimulator";
				SUPPORTS_MACCATALYST = NO;
				SUPPORTS_MAC_DESIGNED_FOR_IPHONE_IPAD = NO;
				SWIFT_EMIT_LOC_STRINGS = YES;
				SWIFT_VERSION = 5.0;
				TARGETED_DEVICE_FAMILY = 1;
			};
			name = Debug;
		};
		C99EEB762AAA5D34001E4968 /* Release */ = {
			isa = XCBuildConfiguration;
			buildSettings = {
				ASSETCATALOG_COMPILER_APPICON_NAME = AppIcon;
				ASSETCATALOG_COMPILER_GLOBAL_ACCENT_COLOR_NAME = AccentColor;
				CODE_SIGN_STYLE = Automatic;
				CURRENT_PROJECT_VERSION = 1;
				DEVELOPMENT_TEAM = 3TY5U73KTT;
				GENERATE_INFOPLIST_FILE = YES;
				INFOPLIST_FILE = ImageDownloadTest/Info.plist;
				INFOPLIST_KEY_UIApplicationSupportsIndirectInputEvents = YES;
				INFOPLIST_KEY_UILaunchStoryboardName = LaunchScreen;
				INFOPLIST_KEY_UISupportedInterfaceOrientations = UIInterfaceOrientationPortrait;
				IPHONEOS_DEPLOYMENT_TARGET = 16.0;
				LD_RUNPATH_SEARCH_PATHS = (
					"$(inherited)",
					"@executable_path/Frameworks",
				);
				MARKETING_VERSION = 1.0;
				PRODUCT_BUNDLE_IDENTIFIER = ru.Vazhen.ImageDownloadTest;
				PRODUCT_NAME = "$(TARGET_NAME)";
				SUPPORTED_PLATFORMS = "iphoneos iphonesimulator";
				SUPPORTS_MACCATALYST = NO;
				SUPPORTS_MAC_DESIGNED_FOR_IPHONE_IPAD = NO;
				SWIFT_EMIT_LOC_STRINGS = YES;
				SWIFT_VERSION = 5.0;
				TARGETED_DEVICE_FAMILY = 1;
			};
			name = Release;
		};
/* End XCBuildConfiguration section */

/* Begin XCConfigurationList section */
		C99EEB582AAA5D33001E4968 /* Build configuration list for PBXProject "ImageDownloadTest" */ = {
			isa = XCConfigurationList;
			buildConfigurations = (
				C99EEB722AAA5D34001E4968 /* Debug */,
				C99EEB732AAA5D34001E4968 /* Release */,
			);
			defaultConfigurationIsVisible = 0;
			defaultConfigurationName = Release;
		};
		C99EEB742AAA5D34001E4968 /* Build configuration list for PBXNativeTarget "ImageDownloadTest" */ = {
			isa = XCConfigurationList;
			buildConfigurations = (
				C99EEB752AAA5D34001E4968 /* Debug */,
				C99EEB762AAA5D34001E4968 /* Release */,
			);
			defaultConfigurationIsVisible = 0;
			defaultConfigurationName = Release;
		};
/* End XCConfigurationList section */

/* Begin XCRemoteSwiftPackageReference section */
		C99EEB992AAA84AE001E4968 /* XCRemoteSwiftPackageReference "SDWebImage" */ = {
			isa = XCRemoteSwiftPackageReference;
			repositoryURL = "https://github.com/SDWebImage/SDWebImage.git";
			requirement = {
				kind = upToNextMajorVersion;
				minimumVersion = 5.0.0;
			};
		};
		C9C2EC662AABB4CD00B5C188 /* XCRemoteSwiftPackageReference "realm-swift" */ = {
			isa = XCRemoteSwiftPackageReference;
			repositoryURL = "https://github.com/realm/realm-swift.git";
			requirement = {
				branch = master;
				kind = branch;
			};
		};
/* End XCRemoteSwiftPackageReference section */

/* Begin XCSwiftPackageProductDependency section */
		C99EEB9A2AAA84AE001E4968 /* SDWebImage */ = {
			isa = XCSwiftPackageProductDependency;
			package = C99EEB992AAA84AE001E4968 /* XCRemoteSwiftPackageReference "SDWebImage" */;
			productName = SDWebImage;
		};
		C9C2EC672AABB4CD00B5C188 /* Realm */ = {
			isa = XCSwiftPackageProductDependency;
			package = C9C2EC662AABB4CD00B5C188 /* XCRemoteSwiftPackageReference "realm-swift" */;
			productName = Realm;
		};
		C9C2EC692AABB4CD00B5C188 /* RealmSwift */ = {
			isa = XCSwiftPackageProductDependency;
			package = C9C2EC662AABB4CD00B5C188 /* XCRemoteSwiftPackageReference "realm-swift" */;
			productName = RealmSwift;
		};
/* End XCSwiftPackageProductDependency section */
	};
	rootObject = C99EEB552AAA5D33001E4968 /* Project object */;
}
